Microsoft Visual Studio Solution File, Format Version 11.00
# Visual Studio 2008

Project("{3EA37256-A12A-7A7B-9AF9-108019135D71}") = "GMA SDK VR Demo", "Assembly-CSharp-firstpass.csproj", "{7EB2977D-494A-85F8-C14D-53666DF666DB}"
EndProject
Project("{3EA37256-A12A-7A7B-9AF9-108019135D71}") = "GMA SDK VR Demo", "Assembly-CSharp.csproj", "{F2AACD99-2CA0-1B31-6258-81341AD4AEFD}"
EndProject
Project("{3EA37256-A12A-7A7B-9AF9-108019135D71}") = "GMA SDK VR Demo", "Assembly-CSharp-Editor.csproj", "{3F0A151E-F4A9-1EC0-5766-0DBE50F555B8}"
EndProject
Global
	GlobalSection(SolutionConfigurationPlatforms) = preSolution
		Debug|Any CPU = Debug|Any CPU
		Release|Any CPU = Release|Any CPU
	EndGlobalSection
	GlobalSection(ProjectConfigurationPlatforms) = postSolution
		{7EB2977D-494A-85F8-C14D-53666DF666DB}.Debug|Any CPU.ActiveCfg = Debug|Any CPU
		{7EB2977D-494A-85F8-C14D-53666DF666DB}.Debug|Any CPU.Build.0 = Debug|Any CPU
		{7EB2977D-494A-85F8-C14D-53666DF666DB}.Release|Any CPU.ActiveCfg = Release|Any CPU
		{7EB2977D-494A-85F8-C14D-53666DF666DB}.Release|Any CPU.Build.0 = Release|Any CPU
		{F2AACD99-2CA0-1B31-6258-81341AD4AEFD}.Debug|Any CPU.ActiveCfg = Debug|Any CPU
		{F2AACD99-2CA0-1B31-6258-81341AD4AEFD}.Debug|Any CPU.Build.0 = Debug|Any CPU
		{F2AACD99-2CA0-1B31-6258-81341AD4AEFD}.Release|Any CPU.ActiveCfg = Release|Any CPU
		{F2AACD99-2CA0-1B31-6258-81341AD4AEFD}.Release|Any CPU.Build.0 = Release|Any CPU
		{3F0A151E-F4A9-1EC0-5766-0DBE50F555B8}.Debug|Any CPU.ActiveCfg = Debug|Any CPU
		{3F0A151E-F4A9-1EC0-5766-0DBE50F555B8}.Debug|Any CPU.Build.0 = Debug|Any CPU
		{3F0A151E-F4A9-1EC0-5766-0DBE50F555B8}.Release|Any CPU.ActiveCfg = Release|Any CPU
		{3F0A151E-F4A9-1EC0-5766-0DBE50F555B8}.Release|Any CPU.Build.0 = Release|Any CPU
	EndGlobalSection
	GlobalSection(SolutionProperties) = preSolution
		HideSolutionNode = FALSE
	EndGlobalSection
	GlobalSection(MonoDevelopProperties) = preSolution
		StartupItem = Assembly-CSharp.csproj
	EndGlobalSection
EndGlobal
